
Microsoft Visual Studio Solution File, Format Version 12.00
# Visual Studio Version 17
VisualStudioVersion = 17.14.37314.3 d17.14
MinimumVisualStudioVersion = 10.0.40219.1
Project("{2150E333-8FDC-42A3-9474-1A3956D46DE8}") = "src", "src", "{02EA681E-C7D8-13C7-8484-4AC65E1B71E8}"
EndProject
Project("{FAE04EC0-301F-11D3-BF4B-00C04F79EFBC}") = "Integrador.BancaEmpresas.LCC.API", "Integrador.BancaEmpresas.LCC.API\Integrador.BancaEmpresas.LCC.API.csproj", "{E5D32E01-E451-484F-B1D5-4912C721F144}"
EndProject
Project("{FAE04EC0-301F-11D3-BF4B-00C04F79EFBC}") = "Integrador.BancaEmpresas.LCC.Aplicacion", "Integrador.BancaEmpresas.LCC.Aplicacion\Integrador.BancaEmpresas.LCC.Aplicacion.csproj", "{540DC7E1-E8F9-428D-995E-0D93ABFB4255}"
EndProject
Project("{FAE04EC0-301F-11D3-BF4B-00C04F79EFBC}") = "Integrador.BancaEmpresas.LCC.Dominio", "Integrador.BancaEmpresas.LCC.Dominio\Integrador.BancaEmpresas.LCC.Dominio.csproj", "{B17478D6-C30E-4BB3-BD21-8EEE63D57DD0}"
EndProject
Project("{FAE04EC0-301F-11D3-BF4B-00C04F79EFBC}") = "Integrador.BancaEmpresas.LCC.Infraestructura", "Integrador.BancaEmpresas.LCC.Infraestructura\Integrador.BancaEmpresas.LCC.Infraestructura.csproj", "{875893E9-61CD-4D4A-9756-DB1E3B9D834F}"
EndProject
Global
	GlobalSection(SolutionConfigurationPlatforms) = preSolution
		Debug|Any CPU = Debug|Any CPU
		PROD|Any CPU = PROD|Any CPU
		RC|Any CPU = RC|Any CPU
		Release|Any CPU = Release|Any CPU
		UAT|Any CPU = UAT|Any CPU
	EndGlobalSection
	GlobalSection(ProjectConfigurationPlatforms) = postSolution
		{E5D32E01-E451-484F-B1D5-4912C721F144}.Debug|Any CPU.ActiveCfg = Debug|Any CPU
		{E5D32E01-E451-484F-B1D5-4912C721F144}.Debug|Any CPU.Build.0 = Debug|Any CPU
		{E5D32E01-E451-484F-B1D5-4912C721F144}.PROD|Any CPU.ActiveCfg = PROD|Any CPU
		{E5D32E01-E451-484F-B1D5-4912C721F144}.PROD|Any CPU.Build.0 = PROD|Any CPU
		{E5D32E01-E451-484F-B1D5-4912C721F144}.RC|Any CPU.ActiveCfg = RC|Any CPU
		{E5D32E01-E451-484F-B1D5-4912C721F144}.RC|Any CPU.Build.0 = RC|Any CPU
		{E5D32E01-E451-484F-B1D5-4912C721F144}.Release|Any CPU.ActiveCfg = Release|Any CPU
		{E5D32E01-E451-484F-B1D5-4912C721F144}.Release|Any CPU.Build.0 = Release|Any CPU
		{E5D32E01-E451-484F-B1D5-4912C721F144}.UAT|Any CPU.ActiveCfg = UAT|Any CPU
		{E5D32E01-E451-484F-B1D5-4912C721F144}.UAT|Any CPU.Build.0 = UAT|Any CPU
		{540DC7E1-E8F9-428D-995E-0D93ABFB4255}.Debug|Any CPU.ActiveCfg = Debug|Any CPU
		{540DC7E1-E8F9-428D-995E-0D93ABFB4255}.Debug|Any CPU.Build.0 = Debug|Any CPU
		{540DC7E1-E8F9-428D-995E-0D93ABFB4255}.PROD|Any CPU.ActiveCfg = PROD|Any CPU
		{540DC7E1-E8F9-428D-995E-0D93ABFB4255}.PROD|Any CPU.Build.0 = PROD|Any CPU
		{540DC7E1-E8F9-428D-995E-0D93ABFB4255}.RC|Any CPU.ActiveCfg = RC|Any CPU
		{540DC7E1-E8F9-428D-995E-0D93ABFB4255}.RC|Any CPU.Build.0 = RC|Any CPU
		{540DC7E1-E8F9-428D-995E-0D93ABFB4255}.Release|Any CPU.ActiveCfg = Release|Any CPU
		{540DC7E1-E8F9-428D-995E-0D93ABFB4255}.Release|Any CPU.Build.0 = Release|Any CPU
		{540DC7E1-E8F9-428D-995E-0D93ABFB4255}.UAT|Any CPU.ActiveCfg = UAT|Any CPU
		{540DC7E1-E8F9-428D-995E-0D93ABFB4255}.UAT|Any CPU.Build.0 = UAT|Any CPU
		{B17478D6-C30E-4BB3-BD21-8EEE63D57DD0}.Debug|Any CPU.ActiveCfg = Debug|Any CPU
		{B17478D6-C30E-4BB3-BD21-8EEE63D57DD0}.Debug|Any CPU.Build.0 = Debug|Any CPU
		{B17478D6-C30E-4BB3-BD21-8EEE63D57DD0}.PROD|Any CPU.ActiveCfg = PROD|Any CPU
		{B17478D6-C30E-4BB3-BD21-8EEE63D57DD0}.PROD|Any CPU.Build.0 = PROD|Any CPU
		{B17478D6-C30E-4BB3-BD21-8EEE63D57DD0}.RC|Any CPU.ActiveCfg = RC|Any CPU
		{B17478D6-C30E-4BB3-BD21-8EEE63D57DD0}.RC|Any CPU.Build.0 = RC|Any CPU
		{B17478D6-C30E-4BB3-BD21-8EEE63D57DD0}.Release|Any CPU.ActiveCfg = Release|Any CPU
		{B17478D6-C30E-4BB3-BD21-8EEE63D57DD0}.Release|Any CPU.Build.0 = Release|Any CPU
		{B17478D6-C30E-4BB3-BD21-8EEE63D57DD0}.UAT|Any CPU.ActiveCfg = UAT|Any CPU
		{B17478D6-C30E-4BB3-BD21-8EEE63D57DD0}.UAT|Any CPU.Build.0 = UAT|Any CPU
		{875893E9-61CD-4D4A-9756-DB1E3B9D834F}.Debug|Any CPU.ActiveCfg = Debug|Any CPU
		{875893E9-61CD-4D4A-9756-DB1E3B9D834F}.Debug|Any CPU.Build.0 = Debug|Any CPU
		{875893E9-61CD-4D4A-9756-DB1E3B9D834F}.PROD|Any CPU.ActiveCfg = PROD|Any CPU
		{875893E9-61CD-4D4A-9756-DB1E3B9D834F}.PROD|Any CPU.Build.0 = PROD|Any CPU
		{875893E9-61CD-4D4A-9756-DB1E3B9D834F}.RC|Any CPU.ActiveCfg = RC|Any CPU
		{875893E9-61CD-4D4A-9756-DB1E3B9D834F}.RC|Any CPU.Build.0 = RC|Any CPU
		{875893E9-61CD-4D4A-9756-DB1E3B9D834F}.Release|Any CPU.ActiveCfg = Release|Any CPU
		{875893E9-61CD-4D4A-9756-DB1E3B9D834F}.Release|Any CPU.Build.0 = Release|Any CPU
		{875893E9-61CD-4D4A-9756-DB1E3B9D834F}.UAT|Any CPU.ActiveCfg = UAT|Any CPU
		{875893E9-61CD-4D4A-9756-DB1E3B9D834F}.UAT|Any CPU.Build.0 = UAT|Any CPU
	EndGlobalSection
	GlobalSection(SolutionProperties) = preSolution
		HideSolutionNode = FALSE
	EndGlobalSection
	GlobalSection(NestedProjects) = preSolution
		{E5D32E01-E451-484F-B1D5-4912C721F144} = {02EA681E-C7D8-13C7-8484-4AC65E1B71E8}
		{540DC7E1-E8F9-428D-995E-0D93ABFB4255} = {02EA681E-C7D8-13C7-8484-4AC65E1B71E8}
		{B17478D6-C30E-4BB3-BD21-8EEE63D57DD0} = {02EA681E-C7D8-13C7-8484-4AC65E1B71E8}
		{875893E9-61CD-4D4A-9756-DB1E3B9D834F} = {02EA681E-C7D8-13C7-8484-4AC65E1B71E8}
	EndGlobalSection
	GlobalSection(ExtensibilityGlobals) = postSolution
		SolutionGuid = {C98D3733-BB8C-46D4-9B34-681891C4254C}
	EndGlobalSection
EndGlobal
